
Microsoft Visual Studio Solution File, Format Version 12.00
# Visual Studio 15
VisualStudioVersion = 15.0.27428.2015
MinimumVisualStudioVersion = 10.0.40219.1
Project("{FAE04EC0-301F-11D3-BF4B-00C04F79EFBC}") = "RolesApp", "RolesApp\RolesApp.csproj", "{024C57DE-51F8-4696-AEBB-F400D947C6FC}"
EndProject
Global
	GlobalSection(SolutionConfigurationPlatforms) = preSolution
		Debug|Any CPU = Debug|Any CPU
		Release|Any CPU = Release|Any CPU
	EndGlobalSection
	GlobalSection(ProjectConfigurationPlatforms) = postSolution
		{024C57DE-51F8-4696-AEBB-F400D947C6FC}.Debug|Any CPU.ActiveCfg = Debug|Any CPU
		{024C57DE-51F8-4696-AEBB-F400D947C6FC}.Debug|Any CPU.Build.0 = Debug|Any CPU
		{024C57DE-51F8-4696-AEBB-F400D947C6FC}.Release|Any CPU.ActiveCfg = Release|Any CPU
		{024C57DE-51F8-4696-AEBB-F400D947C6FC}.Release|Any CPU.Build.0 = Release|Any CPU
	EndGlobalSection
	GlobalSection(SolutionProperties) = preSolution
		HideSolutionNode = FALSE
	EndGlobalSection
	GlobalSection(ExtensibilityGlobals) = postSolution
		SolutionGuid = {904A87EB-8D88-49D7-B8AF-9EFB4E3559C7}
	EndGlobalSection
EndGlobal
