
Microsoft Visual Studio Solution File, Format Version 12.00
# Visual Studio Version 16
VisualStudioVersion = 16.0.29519.87
MinimumVisualStudioVersion = 10.0.40219.1
Project("{FAE04EC0-301F-11D3-BF4B-00C04F79EFBC}") = "WebApiIdentity2", "WebApiIdentity2\WebApiIdentity2.csproj", "{31DB011C-E436-4568-BBA2-0CF1A51576E3}"
EndProject
Global
	GlobalSection(SolutionConfigurationPlatforms) = preSolution
		Debug|Any CPU = Debug|Any CPU
		Release|Any CPU = Release|Any CPU
	EndGlobalSection
	GlobalSection(ProjectConfigurationPlatforms) = postSolution
		{31DB011C-E436-4568-BBA2-0CF1A51576E3}.Debug|Any CPU.ActiveCfg = Debug|Any CPU
		{31DB011C-E436-4568-BBA2-0CF1A51576E3}.Debug|Any CPU.Build.0 = Debug|Any CPU
		{31DB011C-E436-4568-BBA2-0CF1A51576E3}.Release|Any CPU.ActiveCfg = Release|Any CPU
		{31DB011C-E436-4568-BBA2-0CF1A51576E3}.Release|Any CPU.Build.0 = Release|Any CPU
	EndGlobalSection
	GlobalSection(SolutionProperties) = preSolution
		HideSolutionNode = FALSE
	EndGlobalSection
	GlobalSection(ExtensibilityGlobals) = postSolution
		SolutionGuid = {19C170D1-1615-4F66-9BF9-94BDF913ADF5}
	EndGlobalSection
EndGlobal
