
Microsoft Visual Studio Solution File, Format Version 12.00
# Visual Studio 15
VisualStudioVersion = 15.0.28307.438
MinimumVisualStudioVersion = 10.0.40219.1
Project("{FAE04EC0-301F-11D3-BF4B-00C04F79EFBC}") = "ShopCore", "ShopCore\ShopCore.csproj", "{144CBD3E-51FF-4865-8346-AC692EDC499B}"
EndProject
Global
	GlobalSection(SolutionConfigurationPlatforms) = preSolution
		Debug|Any CPU = Debug|Any CPU
		Release|Any CPU = Release|Any CPU
	EndGlobalSection
	GlobalSection(ProjectConfigurationPlatforms) = postSolution
		{144CBD3E-51FF-4865-8346-AC692EDC499B}.Debug|Any CPU.ActiveCfg = Debug|Any CPU
		{144CBD3E-51FF-4865-8346-AC692EDC499B}.Debug|Any CPU.Build.0 = Debug|Any CPU
		{144CBD3E-51FF-4865-8346-AC692EDC499B}.Release|Any CPU.ActiveCfg = Release|Any CPU
		{144CBD3E-51FF-4865-8346-AC692EDC499B}.Release|Any CPU.Build.0 = Release|Any CPU
	EndGlobalSection
	GlobalSection(SolutionProperties) = preSolution
		HideSolutionNode = FALSE
	EndGlobalSection
	GlobalSection(ExtensibilityGlobals) = postSolution
		SolutionGuid = {2090F337-F0FE-4F76-81C9-B4DE3AAE8DB2}
	EndGlobalSection
EndGlobal
